// !$*UTF8*$!
{
	archiveVersion = 1;
	classes = {
	};
	objectVersion = 46;
	objects = {

/* Begin PBXBuildFile section */
		A02E8C041DB14BAB009B2713 /* AddPlaceTableViewController.swift in Sources */ = {isa = PBXBuildFile; fileRef = A02E8C031DB14BAB009B2713 /* AddPlaceTableViewController.swift */; };
		A02E8C071DB1AE9D009B2713 /* Places.xcdatamodeld in Sources */ = {isa = PBXBuildFile; fileRef = A02E8C051DB1AE9D009B2713 /* Places.xcdatamodeld */; };
		A0302FD81DBECA1800F31323 /* AboutUsViewController.swift in Sources */ = {isa = PBXBuildFile; fileRef = A0302FD71DBECA1800F31323 /* AboutUsViewController.swift */; };
		A0302FDA1DBED24000F31323 /* WebViewController.swift in Sources */ = {isa = PBXBuildFile; fileRef = A0302FD91DBED24000F31323 /* WebViewController.swift */; };
		A0302FDD1DBFE91F00F31323 /* CloudKit.framework in Frameworks */ = {isa = PBXBuildFile; fileRef = A0302FDC1DBFE91F00F31323 /* CloudKit.framework */; };
		A0302FDF1DC00FE500F31323 /* DiscoverTableViewController.swift in Sources */ = {isa = PBXBuildFile; fileRef = A0302FDE1DC00FE500F31323 /* DiscoverTableViewController.swift */; };
		A0358E601DBAD1050092A847 /* TutorialContentViewController.swift in Sources */ = {isa = PBXBuildFile; fileRef = A0358E5F1DBAD1050092A847 /* TutorialContentViewController.swift */; };
		A0358E621DBAD2170092A847 /* TutorialStep.swift in Sources */ = {isa = PBXBuildFile; fileRef = A0358E611DBAD2170092A847 /* TutorialStep.swift */; };
		A0358E641DBAD7AA0092A847 /* TutorialViewController.swift in Sources */ = {isa = PBXBuildFile; fileRef = A0358E631DBAD7AA0092A847 /* TutorialViewController.swift */; };
		A0358E671DBBF0B30092A847 /* AboutUs.storyboard in Resources */ = {isa = PBXBuildFile; fileRef = A0358E651DBBF0B30092A847 /* AboutUs.storyboard */; };
		A0358E6A1DBBF3310092A847 /* Discover.storyboard in Resources */ = {isa = PBXBuildFile; fileRef = A0358E681DBBF3310092A847 /* Discover.storyboard */; };
		A03928F61DA57C5E009D7E8F /* AppDelegate.swift in Sources */ = {isa = PBXBuildFile; fileRef = A03928F51DA57C5E009D7E8F /* AppDelegate.swift */; };
		A03928F81DA57C5E009D7E8F /* ViewController.swift in Sources */ = {isa = PBXBuildFile; fileRef = A03928F71DA57C5E009D7E8F /* ViewController.swift */; };
		A03928FB1DA57C5E009D7E8F /* Main.storyboard in Resources */ = {isa = PBXBuildFile; fileRef = A03928F91DA57C5E009D7E8F /* Main.storyboard */; };
		A03928FD1DA57C5E009D7E8F /* Assets.xcassets in Resources */ = {isa = PBXBuildFile; fileRef = A03928FC1DA57C5E009D7E8F /* Assets.xcassets */; };
		A03929001DA57C5E009D7E8F /* LaunchScreen.storyboard in Resources */ = {isa = PBXBuildFile; fileRef = A03928FE1DA57C5E009D7E8F /* LaunchScreen.storyboard */; };
		A039290A1DA5835A009D7E8F /* PlaceCell.swift in Sources */ = {isa = PBXBuildFile; fileRef = A03929091DA5835A009D7E8F /* PlaceCell.swift */; };
		A039290E1DA583B0009D7E8F /* DetailViewController.swift in Sources */ = {isa = PBXBuildFile; fileRef = A039290B1DA583B0009D7E8F /* DetailViewController.swift */; };
		A039290F1DA583B0009D7E8F /* PlaceDetailViewCell.swift in Sources */ = {isa = PBXBuildFile; fileRef = A039290C1DA583B0009D7E8F /* PlaceDetailViewCell.swift */; };
		A03929101DA583B0009D7E8F /* ReviewViewController.swift in Sources */ = {isa = PBXBuildFile; fileRef = A039290D1DA583B0009D7E8F /* ReviewViewController.swift */; };
		A03929121DA583D7009D7E8F /* Place.swift in Sources */ = {isa = PBXBuildFile; fileRef = A03929111DA583D7009D7E8F /* Place.swift */; };
		A0EEA9D71DB0176C0088F72C /* MapKit.framework in Frameworks */ = {isa = PBXBuildFile; fileRef = A0EEA9D61DB0176C0088F72C /* MapKit.framework */; };
		A0EEA9DB1DB019BF0088F72C /* MapViewController.swift in Sources */ = {isa = PBXBuildFile; fileRef = A0EEA9DA1DB019BF0088F72C /* MapViewController.swift */; };
/* End PBXBuildFile section */

/* Begin PBXFileReference section */
		A02E8C031DB14BAB009B2713 /* AddPlaceTableViewController.swift */ = {isa = PBXFileReference; fileEncoding = 4; lastKnownFileType = sourcecode.swift; path = AddPlaceTableViewController.swift; sourceTree = "<group>"; };
		A02E8C061DB1AE9D009B2713 /* Places.xcdatamodel */ = {isa = PBXFileReference; lastKnownFileType = wrapper.xcdatamodel; path = Places.xcdatamodel; sourceTree = "<group>"; };
		A0302FD71DBECA1800F31323 /* AboutUsViewController.swift */ = {isa = PBXFileReference; fileEncoding = 4; lastKnownFileType = sourcecode.swift; path = AboutUsViewController.swift; sourceTree = "<group>"; };
		A0302FD91DBED24000F31323 /* WebViewController.swift */ = {isa = PBXFileReference; fileEncoding = 4; lastKnownFileType = sourcecode.swift; path = WebViewController.swift; sourceTree = "<group>"; };
		A0302FDB1DBFE2BF00F31323 /* Places.entitlements */ = {isa = PBXFileReference; lastKnownFileType = text.plist.entitlements; path = Places.entitlements; sourceTree = "<group>"; };
		A0302FDC1DBFE91F00F31323 /* CloudKit.framework */ = {isa = PBXFileReference; lastKnownFileType = wrapper.framework; name = CloudKit.framework; path = System/Library/Frameworks/CloudKit.framework; sourceTree = SDKROOT; };
		A0302FDE1DC00FE500F31323 /* DiscoverTableViewController.swift */ = {isa = PBXFileReference; fileEncoding = 4; lastKnownFileType = sourcecode.swift; path = DiscoverTableViewController.swift; sourceTree = "<group>"; };
		A0358E5F1DBAD1050092A847 /* TutorialContentViewController.swift */ = {isa = PBXFileReference; fileEncoding = 4; lastKnownFileType = sourcecode.swift; path = TutorialContentViewController.swift; sourceTree = "<group>"; };
		A0358E611DBAD2170092A847 /* TutorialStep.swift */ = {isa = PBXFileReference; fileEncoding = 4; lastKnownFileType = sourcecode.swift; path = TutorialStep.swift; sourceTree = "<group>"; };
		A0358E631DBAD7AA0092A847 /* TutorialViewController.swift */ = {isa = PBXFileReference; fileEncoding = 4; lastKnownFileType = sourcecode.swift; path = TutorialViewController.swift; sourceTree = "<group>"; };
		A0358E661DBBF0B30092A847 /* Base */ = {isa = PBXFileReference; lastKnownFileType = file.storyboard; name = Base; path = Base.lproj/AboutUs.storyboard; sourceTree = "<group>"; };
		A0358E691DBBF3310092A847 /* Base */ = {isa = PBXFileReference; lastKnownFileType = file.storyboard; name = Base; path = Base.lproj/Discover.storyboard; sourceTree = "<group>"; };
		A03928F21DA57C5D009D7E8F /* Places.app */ = {isa = PBXFileReference; explicitFileType = wrapper.application; includeInIndex = 0; path = Places.app; sourceTree = BUILT_PRODUCTS_DIR; };
		A03928F51DA57C5E009D7E8F /* AppDelegate.swift */ = {isa = PBXFileReference; lastKnownFileType = sourcecode.swift; path = AppDelegate.swift; sourceTree = "<group>"; };
		A03928F71DA57C5E009D7E8F /* ViewController.swift */ = {isa = PBXFileReference; lastKnownFileType = sourcecode.swift; path = ViewController.swift; sourceTree = "<group>"; };
		A03928FA1DA57C5E009D7E8F /* Base */ = {isa = PBXFileReference; lastKnownFileType = file.storyboard; name = Base; path = Base.lproj/Main.storyboard; sourceTree = "<group>"; };
		A03928FC1DA57C5E009D7E8F /* Assets.xcassets */ = {isa = PBXFileReference; lastKnownFileType = folder.assetcatalog; path = Assets.xcassets; sourceTree = "<group>"; };
		A03928FF1DA57C5E009D7E8F /* Base */ = {isa = PBXFileReference; lastKnownFileType = file.storyboard; name = Base; path = Base.lproj/LaunchScreen.storyboard; sourceTree = "<group>"; };
		A03929011DA57C5E009D7E8F /* Info.plist */ = {isa = PBXFileReference; lastKnownFileType = text.plist.xml; path = Info.plist; sourceTree = "<group>"; };
		A03929091DA5835A009D7E8F /* PlaceCell.swift */ = {isa = PBXFileReference; fileEncoding = 4; lastKnownFileType = sourcecode.swift; path = PlaceCell.swift; sourceTree = "<group>"; };
		A039290B1DA583B0009D7E8F /* DetailViewController.swift */ = {isa = PBXFileReference; fileEncoding = 4; lastKnownFileType = sourcecode.swift; path = DetailViewController.swift; sourceTree = "<group>"; };
		A039290C1DA583B0009D7E8F /* PlaceDetailViewCell.swift */ = {isa = PBXFileReference; fileEncoding = 4; lastKnownFileType = sourcecode.swift; path = PlaceDetailViewCell.swift; sourceTree = "<group>"; };
		A039290D1DA583B0009D7E8F /* ReviewViewController.swift */ = {isa = PBXFileReference; fileEncoding = 4; lastKnownFileType = sourcecode.swift; path = ReviewViewController.swift; sourceTree = "<group>"; };
		A03929111DA583D7009D7E8F /* Place.swift */ = {isa = PBXFileReference; fileEncoding = 4; lastKnownFileType = sourcecode.swift; path = Place.swift; sourceTree = "<group>"; };
		A0EEA9D61DB0176C0088F72C /* MapKit.framework */ = {isa = PBXFileReference; lastKnownFileType = wrapper.framework; name = MapKit.framework; path = System/Library/Frameworks/MapKit.framework; sourceTree = SDKROOT; };
		A0EEA9DA1DB019BF0088F72C /* MapViewController.swift */ = {isa = PBXFileReference; fileEncoding = 4; lastKnownFileType = sourcecode.swift; name = MapViewController.swift; path = ../MapViewController.swift; sourceTree = "<group>"; };
/* End PBXFileReference section */

/* Begin PBXFrameworksBuildPhase section */
		A03928EF1DA57C5D009D7E8F /* Frameworks */ = {
			isa = PBXFrameworksBuildPhase;
			buildActionMask = 2147483647;
			files = (
				A0EEA9D71DB0176C0088F72C /* MapKit.framework in Frameworks */,
				A0302FDD1DBFE91F00F31323 /* CloudKit.framework in Frameworks */,
			);
			runOnlyForDeploymentPostprocessing = 0;
		};
/* End PBXFrameworksBuildPhase section */

/* Begin PBXGroup section */
		A03928E91DA57C5D009D7E8F = {
			isa = PBXGroup;
			children = (
				A03928F41DA57C5D009D7E8F /* Places */,
				A03928F31DA57C5D009D7E8F /* Products */,
				A0EEA9D51DB0176C0088F72C /* Frameworks */,
			);
			sourceTree = "<group>";
		};
		A03928F31DA57C5D009D7E8F /* Products */ = {
			isa = PBXGroup;
			children = (
				A03928F21DA57C5D009D7E8F /* Places.app */,
			);
			name = Products;
			sourceTree = "<group>";
		};
		A03928F41DA57C5D009D7E8F /* Places */ = {
			isa = PBXGroup;
			children = (
				A0302FDB1DBFE2BF00F31323 /* Places.entitlements */,
				A03928F51DA57C5E009D7E8F /* AppDelegate.swift */,
				A03928F71DA57C5E009D7E8F /* ViewController.swift */,
				A02E8C051DB1AE9D009B2713 /* Places.xcdatamodeld */,
				A0EEA9DA1DB019BF0088F72C /* MapViewController.swift */,
				A02E8C031DB14BAB009B2713 /* AddPlaceTableViewController.swift */,
				A03929111DA583D7009D7E8F /* Place.swift */,
				A03929091DA5835A009D7E8F /* PlaceCell.swift */,
				A03928F91DA57C5E009D7E8F /* Main.storyboard */,
				A0358E681DBBF3310092A847 /* Discover.storyboard */,
				A0302FDE1DC00FE500F31323 /* DiscoverTableViewController.swift */,
				A0358E651DBBF0B30092A847 /* AboutUs.storyboard */,
				A0358E631DBAD7AA0092A847 /* TutorialViewController.swift */,
				A0358E611DBAD2170092A847 /* TutorialStep.swift */,
				A0358E5F1DBAD1050092A847 /* TutorialContentViewController.swift */,
				A03928FC1DA57C5E009D7E8F /* Assets.xcassets */,
				A03928FE1DA57C5E009D7E8F /* LaunchScreen.storyboard */,
				A03929011DA57C5E009D7E8F /* Info.plist */,
				A039290B1DA583B0009D7E8F /* DetailViewController.swift */,
				A039290C1DA583B0009D7E8F /* PlaceDetailViewCell.swift */,
				A039290D1DA583B0009D7E8F /* ReviewViewController.swift */,
				A0302FD71DBECA1800F31323 /* AboutUsViewController.swift */,
				A0302FD91DBED24000F31323 /* WebViewController.swift */,
			);
			path = Places;
			sourceTree = "<group>";
		};
		A0EEA9D51DB0176C0088F72C /* Frameworks */ = {
			isa = PBXGroup;
			children = (
				A0302FDC1DBFE91F00F31323 /* CloudKit.framework */,
				A0EEA9D61DB0176C0088F72C /* MapKit.framework */,
			);
			name = Frameworks;
			sourceTree = "<group>";
		};
/* End PBXGroup section */

/* Begin PBXNativeTarget section */
		A03928F11DA57C5D009D7E8F /* Places */ = {
			isa = PBXNativeTarget;
			buildConfigurationList = A03929041DA57C5E009D7E8F /* Build configuration list for PBXNativeTarget "Places" */;
			buildPhases = (
				A03928EE1DA57C5D009D7E8F /* Sources */,
				A03928EF1DA57C5D009D7E8F /* Frameworks */,
				A03928F01DA57C5D009D7E8F /* Resources */,
			);
			buildRules = (
			);
			dependencies = (
			);
			name = Places;
			productName = Places;
			productReference = A03928F21DA57C5D009D7E8F /* Places.app */;
			productType = "com.apple.product-type.application";
		};
/* End PBXNativeTarget section */

/* Begin PBXProject section */
		A03928EA1DA57C5D009D7E8F /* Project object */ = {
			isa = PBXProject;
			attributes = {
				LastSwiftUpdateCheck = 0800;
				LastUpgradeCheck = 0800;
				ORGANIZATIONNAME = DmxDigital;
				TargetAttributes = {
					A03928F11DA57C5D009D7E8F = {
						CreatedOnToolsVersion = 8.0;
						DevelopmentTeam = 3B99T45XF4;
						ProvisioningStyle = Automatic;
						SystemCapabilities = {
							com.apple.Maps.iOS = {
								enabled = 1;
							};
							com.apple.Push = {
								enabled = 1;
							};
							com.apple.iCloud = {
								enabled = 1;
							};
						};
					};
				};
			};
			buildConfigurationList = A03928ED1DA57C5D009D7E8F /* Build configuration list for PBXProject "Places" */;
			compatibilityVersion = "Xcode 3.2";
			developmentRegion = English;
			hasScannedForEncodings = 0;
			knownRegions = (
				en,
				Base,
			);
			mainGroup = A03928E91DA57C5D009D7E8F;
			productRefGroup = A03928F31DA57C5D009D7E8F /* Products */;
			projectDirPath = "";
			projectRoot = "";
			targets = (
				A03928F11DA57C5D009D7E8F /* Places */,
			);
		};
/* End PBXProject section */

/* Begin PBXResourcesBuildPhase section */
		A03928F01DA57C5D009D7E8F /* Resources */ = {
			isa = PBXResourcesBuildPhase;
			buildActionMask = 2147483647;
			files = (
				A0358E671DBBF0B30092A847 /* AboutUs.storyboard in Resources */,
				A03929001DA57C5E009D7E8F /* LaunchScreen.storyboard in Resources */,
				A0358E6A1DBBF3310092A847 /* Discover.storyboard in Resources */,
				A03928FD1DA57C5E009D7E8F /* Assets.xcassets in Resources */,
				A03928FB1DA57C5E009D7E8F /* Main.storyboard in Resources */,
			);
			runOnlyForDeploymentPostprocessing = 0;
		};
/* End PBXResourcesBuildPhase section */

/* Begin PBXSourcesBuildPhase section */
		A03928EE1DA57C5D009D7E8F /* Sources */ = {
			isa = PBXSourcesBuildPhase;
			buildActionMask = 2147483647;
			files = (
				A0358E601DBAD1050092A847 /* TutorialContentViewController.swift in Sources */,
				A0358E621DBAD2170092A847 /* TutorialStep.swift in Sources */,
				A039290A1DA5835A009D7E8F /* PlaceCell.swift in Sources */,
				A02E8C071DB1AE9D009B2713 /* Places.xcdatamodeld in Sources */,
				A0302FD81DBECA1800F31323 /* AboutUsViewController.swift in Sources */,
				A03928F81DA57C5E009D7E8F /* ViewController.swift in Sources */,
				A0302FDF1DC00FE500F31323 /* DiscoverTableViewController.swift in Sources */,
				A03929101DA583B0009D7E8F /* ReviewViewController.swift in Sources */,
				A0358E641DBAD7AA0092A847 /* TutorialViewController.swift in Sources */,
				A039290F1DA583B0009D7E8F /* PlaceDetailViewCell.swift in Sources */,
				A03928F61DA57C5E009D7E8F /* AppDelegate.swift in Sources */,
				A02E8C041DB14BAB009B2713 /* AddPlaceTableViewController.swift in Sources */,
				A03929121DA583D7009D7E8F /* Place.swift in Sources */,
				A039290E1DA583B0009D7E8F /* DetailViewController.swift in Sources */,
				A0302FDA1DBED24000F31323 /* WebViewController.swift in Sources */,
				A0EEA9DB1DB019BF0088F72C /* MapViewController.swift in Sources */,
			);
			runOnlyForDeploymentPostprocessing = 0;
		};
/* End PBXSourcesBuildPhase section */

/* Begin PBXVariantGroup section */
		A0358E651DBBF0B30092A847 /* AboutUs.storyboard */ = {
			isa = PBXVariantGroup;
			children = (
				A0358E661DBBF0B30092A847 /* Base */,
			);
			name = AboutUs.storyboard;
			sourceTree = "<group>";
		};
		A0358E681DBBF3310092A847 /* Discover.storyboard */ = {
			isa = PBXVariantGroup;
			children = (
				A0358E691DBBF3310092A847 /* Base */,
			);
			name = Discover.storyboard;
			sourceTree = "<group>";
		};
		A03928F91DA57C5E009D7E8F /* Main.storyboard */ = {
			isa = PBXVariantGroup;
			children = (
				A03928FA1DA57C5E009D7E8F /* Base */,
			);
			name = Main.storyboard;
			sourceTree = "<group>";
		};
		A03928FE1DA57C5E009D7E8F /* LaunchScreen.storyboard */ = {
			isa = PBXVariantGroup;
			children = (
				A03928FF1DA57C5E009D7E8F /* Base */,
			);
			name = LaunchScreen.storyboard;
			sourceTree = "<group>";
		};
/* End PBXVariantGroup section */

/* Begin XCBuildConfiguration section */
		A03929021DA57C5E009D7E8F /* Debug */ = {
			isa = XCBuildConfiguration;
			buildSettings = {
				ALWAYS_SEARCH_USER_PATHS = NO;
				CLANG_ANALYZER_NONNULL = YES;
				CLANG_CXX_LANGUAGE_STANDARD = "gnu++0x";
				CLANG_CXX_LIBRARY = "libc++";
				CLANG_ENABLE_MODULES = YES;
				CLANG_ENABLE_OBJC_ARC = YES;
				CLANG_WARN_BOOL_CONVERSION = YES;
				CLANG_WARN_CONSTANT_CONVERSION = YES;
				CLANG_WARN_DIRECT_OBJC_ISA_USAGE = YES_ERROR;
				CLANG_WARN_DOCUMENTATION_COMMENTS = YES;
				CLANG_WARN_EMPTY_BODY = YES;
				CLANG_WARN_ENUM_CONVERSION = YES;
				CLANG_WARN_INFINITE_RECURSION = YES;
				CLANG_WARN_INT_CONVERSION = YES;
				CLANG_WARN_OBJC_ROOT_CLASS = YES_ERROR;
				CLANG_WARN_SUSPICIOUS_MOVES = YES;
				CLANG_WARN_UNREACHABLE_CODE = YES;
				CLANG_WARN__DUPLICATE_METHOD_MATCH = YES;
				"CODE_SIGN_IDENTITY[sdk=iphoneos*]" = "iPhone Developer";
				COPY_PHASE_STRIP = NO;
				DEBUG_INFORMATION_FORMAT = dwarf;
				ENABLE_STRICT_OBJC_MSGSEND = YES;
				ENABLE_TESTABILITY = YES;
				GCC_C_LANGUAGE_STANDARD = gnu99;
				GCC_DYNAMIC_NO_PIC = NO;
				GCC_NO_COMMON_BLOCKS = YES;
				GCC_OPTIMIZATION_LEVEL = 0;
				GCC_PREPROCESSOR_DEFINITIONS = (
					"DEBUG=1",
					"$(inherited)",
				);
				GCC_WARN_64_TO_32_BIT_CONVERSION = YES;
				GCC_WARN_ABOUT_RETURN_TYPE = YES_ERROR;
				GCC_WARN_UNDECLARED_SELECTOR = YES;
				GCC_WARN_UNINITIALIZED_AUTOS = YES_AGGRESSIVE;
				GCC_WARN_UNUSED_FUNCTION = YES;
				GCC_WARN_UNUSED_VARIABLE = YES;
				IPHONEOS_DEPLOYMENT_TARGET = 10.0;
				MTL_ENABLE_DEBUG_INFO = YES;
				ONLY_ACTIVE_ARCH = YES;
				SDKROOT = iphoneos;
				SWIFT_ACTIVE_COMPILATION_CONDITIONS = DEBUG;
				SWIFT_OPTIMIZATION_LEVEL = "-Onone";
				TARGETED_DEVICE_FAMILY = "1,2";
			};
			name = Debug;
		};
		A03929031DA57C5E009D7E8F /* Release */ = {
			isa = XCBuildConfiguration;
			buildSettings = {
				ALWAYS_SEARCH_USER_PATHS = NO;
				CLANG_ANALYZER_NONNULL = YES;
				CLANG_CXX_LANGUAGE_STANDARD = "gnu++0x";
				CLANG_CXX_LIBRARY = "libc++";
				CLANG_ENABLE_MODULES = YES;
				CLANG_ENABLE_OBJC_ARC = YES;
				CLANG_WARN_BOOL_CONVERSION = YES;
				CLANG_WARN_CONSTANT_CONVERSION = YES;
				CLANG_WARN_DIRECT_OBJC_ISA_USAGE = YES_ERROR;
				CLANG_WARN_DOCUMENTATION_COMMENTS = YES;
				CLANG_WARN_EMPTY_BODY = YES;
				CLANG_WARN_ENUM_CONVERSION = YES;
				CLANG_WARN_INFINITE_RECURSION = YES;
				CLANG_WARN_INT_CONVERSION = YES;
				CLANG_WARN_OBJC_ROOT_CLASS = YES_ERROR;
				CLANG_WARN_SUSPICIOUS_MOVES = YES;
				CLANG_WARN_UNREACHABLE_CODE = YES;
				CLANG_WARN__DUPLICATE_METHOD_MATCH = YES;
				"CODE_SIGN_IDENTITY[sdk=iphoneos*]" = "iPhone Developer";
				COPY_PHASE_STRIP = NO;
				DEBUG_INFORMATION_FORMAT = "dwarf-with-dsym";
				ENABLE_NS_ASSERTIONS = NO;
				ENABLE_STRICT_OBJC_MSGSEND = YES;
				GCC_C_LANGUAGE_STANDARD = gnu99;
				GCC_NO_COMMON_BLOCKS = YES;
				GCC_WARN_64_TO_32_BIT_CONVERSION = YES;
				GCC_WARN_ABOUT_RETURN_TYPE = YES_ERROR;
				GCC_WARN_UNDECLARED_SELECTOR = YES;
				GCC_WARN_UNINITIALIZED_AUTOS = YES_AGGRESSIVE;
				GCC_WARN_UNUSED_FUNCTION = YES;
				GCC_WARN_UNUSED_VARIABLE = YES;
				IPHONEOS_DEPLOYMENT_TARGET = 10.0;
				MTL_ENABLE_DEBUG_INFO = NO;
				SDKROOT = iphoneos;
				SWIFT_OPTIMIZATION_LEVEL = "-Owholemodule";
				TARGETED_DEVICE_FAMILY = "1,2";
				VALIDATE_PRODUCT = YES;
			};
			name = Release;
		};
		A03929051DA57C5E009D7E8F /* Debug */ = {
			isa = XCBuildConfiguration;
			buildSettings = {
				ASSETCATALOG_COMPILER_APPICON_NAME = AppIcon;
				CODE_SIGN_ENTITLEMENTS = Places/Places.entitlements;
				DEVELOPMENT_TEAM = 3B99T45XF4;
				INFOPLIST_FILE = Places/Info.plist;
				LD_RUNPATH_SEARCH_PATHS = "$(inherited) @executable_path/Frameworks";
				PRODUCT_BUNDLE_IDENTIFIER = digital.dmx.lugares;
				PRODUCT_NAME = "$(TARGET_NAME)";
				SWIFT_VERSION = 3.0;
			};
			name = Debug;
		};
		A03929061DA57C5E009D7E8F /* Release */ = {
			isa = XCBuildConfiguration;
			buildSettings = {
				ASSETCATALOG_COMPILER_APPICON_NAME = AppIcon;
				CODE_SIGN_ENTITLEMENTS = Places/Places.entitlements;
				DEVELOPMENT_TEAM = 3B99T45XF4;
				INFOPLIST_FILE = Places/Info.plist;
				LD_RUNPATH_SEARCH_PATHS = "$(inherited) @executable_path/Frameworks";
				PRODUCT_BUNDLE_IDENTIFIER = digital.dmx.lugares;
				PRODUCT_NAME = "$(TARGET_NAME)";
				SWIFT_VERSION = 3.0;
			};
			name = Release;
		};
/* End XCBuildConfiguration section */

/* Begin XCConfigurationList section */
		A03928ED1DA57C5D009D7E8F /* Build configuration list for PBXProject "Places" */ = {
			isa = XCConfigurationList;
			buildConfigurations = (
				A03929021DA57C5E009D7E8F /* Debug */,
				A03929031DA57C5E009D7E8F /* Release */,
			);
			defaultConfigurationIsVisible = 0;
			defaultConfigurationName = Release;
		};
		A03929041DA57C5E009D7E8F /* Build configuration list for PBXNativeTarget "Places" */ = {
			isa = XCConfigurationList;
			buildConfigurations = (
				A03929051DA57C5E009D7E8F /* Debug */,
				A03929061DA57C5E009D7E8F /* Release */,
			);
			defaultConfigurationIsVisible = 0;
			defaultConfigurationName = Release;
		};
/* End XCConfigurationList section */

/* Begin XCVersionGroup section */
		A02E8C051DB1AE9D009B2713 /* Places.xcdatamodeld */ = {
			isa = XCVersionGroup;
			children = (
				A02E8C061DB1AE9D009B2713 /* Places.xcdatamodel */,
			);
			currentVersion = A02E8C061DB1AE9D009B2713 /* Places.xcdatamodel */;
			path = Places.xcdatamodeld;
			sourceTree = "<group>";
			versionGroupType = wrapper.xcdatamodel;
		};
/* End XCVersionGroup section */
	};
	rootObject = A03928EA1DA57C5D009D7E8F /* Project object */;
}
